// !$*UTF8*$!
{
	archiveVersion = 1;
	classes = {
	};
	objectVersion = 50;
	objects = {

/* Begin PBXBuildFile section */
		52DE7B86D077237096C32439 /* Pods_Breaking_Bricks.framework in Frameworks */ = {isa = PBXBuildFile; fileRef = 7C4552C81ECC8469151EE4D3 /* Pods_Breaking_Bricks.framework */; };
		5F241342214C3774009917B7 /* GoogleService-Info.plist in Resources */ = {isa = PBXBuildFile; fileRef = 5F241341214C3774009917B7 /* GoogleService-Info.plist */; };
		8D1738F8212DAC2D004A97FC /* BrickSpriteRow6.swift in Sources */ = {isa = PBXBuildFile; fileRef = 8D1738F7212DAC2D004A97FC /* BrickSpriteRow6.swift */; };
		8D88F035212C7C9A0077D7C7 /* AppDelegate.swift in Sources */ = {isa = PBXBuildFile; fileRef = 8D88F034212C7C9A0077D7C7 /* AppDelegate.swift */; };
		8D88F03D212C7C9A0077D7C7 /* GameViewController.swift in Sources */ = {isa = PBXBuildFile; fileRef = 8D88F03C212C7C9A0077D7C7 /* GameViewController.swift */; };
		8D88F040212C7C9A0077D7C7 /* Main.storyboard in Resources */ = {isa = PBXBuildFile; fileRef = 8D88F03E212C7C9A0077D7C7 /* Main.storyboard */; };
		8D88F042212C7C9E0077D7C7 /* Assets.xcassets in Resources */ = {isa = PBXBuildFile; fileRef = 8D88F041212C7C9E0077D7C7 /* Assets.xcassets */; };
		8D88F045212C7C9E0077D7C7 /* LaunchScreen.storyboard in Resources */ = {isa = PBXBuildFile; fileRef = 8D88F043212C7C9E0077D7C7 /* LaunchScreen.storyboard */; };
		8D88F04D212C7D750077D7C7 /* Roboto-Regular.ttf in Resources */ = {isa = PBXBuildFile; fileRef = 8D88F04C212C7D750077D7C7 /* Roboto-Regular.ttf */; };
		8D88F059212C7F030077D7C7 /* MenuControls.swift in Sources */ = {isa = PBXBuildFile; fileRef = 8D88F058212C7F030077D7C7 /* MenuControls.swift */; };
		8D88F05B212C7F5E0077D7C7 /* MenuScene.swift in Sources */ = {isa = PBXBuildFile; fileRef = 8D88F05A212C7F5E0077D7C7 /* MenuScene.swift */; };
		8D88F05E212C80000077D7C7 /* GameScene.swift in Sources */ = {isa = PBXBuildFile; fileRef = 8D88F05D212C80000077D7C7 /* GameScene.swift */; };
		8D88F060212C804E0077D7C7 /* GameControls.swift in Sources */ = {isa = PBXBuildFile; fileRef = 8D88F05F212C804E0077D7C7 /* GameControls.swift */; };
		8D88F062212C817B0077D7C7 /* BrickSprite.swift in Sources */ = {isa = PBXBuildFile; fileRef = 8D88F061212C817B0077D7C7 /* BrickSprite.swift */; };
		8D88F065212C834D0077D7C7 /* Playing.swift in Sources */ = {isa = PBXBuildFile; fileRef = 8D88F064212C834D0077D7C7 /* Playing.swift */; };
		8D88F067212C836C0077D7C7 /* WaitingForTap.swift in Sources */ = {isa = PBXBuildFile; fileRef = 8D88F066212C836C0077D7C7 /* WaitingForTap.swift */; };
		8D88F069212C83840077D7C7 /* GameOver.swift in Sources */ = {isa = PBXBuildFile; fileRef = 8D88F068212C83840077D7C7 /* GameOver.swift */; };
		8D88F06D212C9BE90077D7C7 /* StoreControls.swift in Sources */ = {isa = PBXBuildFile; fileRef = 8D88F06C212C9BE90077D7C7 /* StoreControls.swift */; };
		8D88F06F212C9C010077D7C7 /* StoreScene.swift in Sources */ = {isa = PBXBuildFile; fileRef = 8D88F06E212C9C010077D7C7 /* StoreScene.swift */; };
		8D88F073212C9C490077D7C7 /* ScoreControls.swift in Sources */ = {isa = PBXBuildFile; fileRef = 8D88F072212C9C490077D7C7 /* ScoreControls.swift */; };
		8D88F075212C9C660077D7C7 /* ScoreScene.swift in Sources */ = {isa = PBXBuildFile; fileRef = 8D88F074212C9C660077D7C7 /* ScoreScene.swift */; };
		8DB1624C2142F8C50064DFCD /* LaunchScreeniPad.storyboard in Resources */ = {isa = PBXBuildFile; fileRef = 8DB1624A2142F8C50064DFCD /* LaunchScreeniPad.storyboard */; };
		DE0BAEEF2139C45300FD2398 /* ZCarousel.swift in Sources */ = {isa = PBXBuildFile; fileRef = DE0BAEEE2139C45300FD2398 /* ZCarousel.swift */; };
		F439DEA721495E8E00A5F840 /* Intro Bricks_iPad.json in Resources */ = {isa = PBXBuildFile; fileRef = F439DEA621495E8E00A5F840 /* Intro Bricks_iPad.json */; };
		F439DEBA21495EC000A5F840 /* Intro_09-01.png in Resources */ = {isa = PBXBuildFile; fileRef = F439DEAB21495EBF00A5F840 /* Intro_09-01.png */; };
		F439DEBB21495EC000A5F840 /* Intro_14-01.png in Resources */ = {isa = PBXBuildFile; fileRef = F439DEAC21495EBF00A5F840 /* Intro_14-01.png */; };
		F439DEBC21495EC000A5F840 /* Intro_02-01.png in Resources */ = {isa = PBXBuildFile; fileRef = F439DEAD21495EBF00A5F840 /* Intro_02-01.png */; };
		F439DEBD21495EC000A5F840 /* Intro_13-01.png in Resources */ = {isa = PBXBuildFile; fileRef = F439DEAE21495EBF00A5F840 /* Intro_13-01.png */; };
		F439DEBE21495EC000A5F840 /* Intro_04-01.png in Resources */ = {isa = PBXBuildFile; fileRef = F439DEAF21495EBF00A5F840 /* Intro_04-01.png */; };
		F439DEBF21495EC000A5F840 /* Intro_06-01.png in Resources */ = {isa = PBXBuildFile; fileRef = F439DEB021495EBF00A5F840 /* Intro_06-01.png */; };
		F439DEC021495EC000A5F840 /* Intro_03-01.png in Resources */ = {isa = PBXBuildFile; fileRef = F439DEB121495EC000A5F840 /* Intro_03-01.png */; };
		F439DEC121495EC000A5F840 /* Intro_07-01.png in Resources */ = {isa = PBXBuildFile; fileRef = F439DEB221495EC000A5F840 /* Intro_07-01.png */; };
		F439DEC221495EC000A5F840 /* Intro_12-01.png in Resources */ = {isa = PBXBuildFile; fileRef = F439DEB321495EC000A5F840 /* Intro_12-01.png */; };
		F439DEC321495EC000A5F840 /* Intro_15-01.png in Resources */ = {isa = PBXBuildFile; fileRef = F439DEB421495EC000A5F840 /* Intro_15-01.png */; };
		F439DEC421495EC000A5F840 /* Intro_05-01.png in Resources */ = {isa = PBXBuildFile; fileRef = F439DEB521495EC000A5F840 /* Intro_05-01.png */; };
		F439DEC521495EC000A5F840 /* Intro_01-01.png in Resources */ = {isa = PBXBuildFile; fileRef = F439DEB621495EC000A5F840 /* Intro_01-01.png */; };
		F439DEC621495EC000A5F840 /* Intro_08-01.png in Resources */ = {isa = PBXBuildFile; fileRef = F439DEB721495EC000A5F840 /* Intro_08-01.png */; };
		F439DEC721495EC000A5F840 /* Intro_11-01.png in Resources */ = {isa = PBXBuildFile; fileRef = F439DEB821495EC000A5F840 /* Intro_11-01.png */; };
		F439DEC821495EC000A5F840 /* Intro_10-01.png in Resources */ = {isa = PBXBuildFile; fileRef = F439DEB921495EC000A5F840 /* Intro_10-01.png */; };
/* End PBXBuildFile section */

/* Begin PBXFileReference section */
		5F241341214C3774009917B7 /* GoogleService-Info.plist */ = {isa = PBXFileReference; fileEncoding = 4; lastKnownFileType = text.plist.xml; path = "GoogleService-Info.plist"; sourceTree = SOURCE_ROOT; };
		6C31F364C08AC562A3CE053C /* Pods-Breaking Bricks.release.xcconfig */ = {isa = PBXFileReference; includeInIndex = 1; lastKnownFileType = text.xcconfig; name = "Pods-Breaking Bricks.release.xcconfig"; path = "Pods/Target Support Files/Pods-Breaking Bricks/Pods-Breaking Bricks.release.xcconfig"; sourceTree = "<group>"; };
		7C4552C81ECC8469151EE4D3 /* Pods_Breaking_Bricks.framework */ = {isa = PBXFileReference; explicitFileType = wrapper.framework; includeInIndex = 0; path = Pods_Breaking_Bricks.framework; sourceTree = BUILT_PRODUCTS_DIR; };
		8D1738F7212DAC2D004A97FC /* BrickSpriteRow6.swift */ = {isa = PBXFileReference; lastKnownFileType = sourcecode.swift; path = BrickSpriteRow6.swift; sourceTree = "<group>"; };
		8D88F031212C7C9A0077D7C7 /* Breaking Bricks.app */ = {isa = PBXFileReference; explicitFileType = wrapper.application; includeInIndex = 0; path = "Breaking Bricks.app"; sourceTree = BUILT_PRODUCTS_DIR; };
		8D88F034212C7C9A0077D7C7 /* AppDelegate.swift */ = {isa = PBXFileReference; lastKnownFileType = sourcecode.swift; path = AppDelegate.swift; sourceTree = "<group>"; };
		8D88F03C212C7C9A0077D7C7 /* GameViewController.swift */ = {isa = PBXFileReference; lastKnownFileType = sourcecode.swift; path = GameViewController.swift; sourceTree = "<group>"; };
		8D88F03F212C7C9A0077D7C7 /* Base */ = {isa = PBXFileReference; lastKnownFileType = file.storyboard; name = Base; path = Base.lproj/Main.storyboard; sourceTree = "<group>"; };
		8D88F041212C7C9E0077D7C7 /* Assets.xcassets */ = {isa = PBXFileReference; lastKnownFileType = folder.assetcatalog; path = Assets.xcassets; sourceTree = "<group>"; };
		8D88F044212C7C9E0077D7C7 /* Base */ = {isa = PBXFileReference; lastKnownFileType = file.storyboard; name = Base; path = Base.lproj/LaunchScreen.storyboard; sourceTree = "<group>"; };
		8D88F046212C7C9E0077D7C7 /* Info.plist */ = {isa = PBXFileReference; lastKnownFileType = text.plist.xml; path = Info.plist; sourceTree = "<group>"; };
		8D88F04C212C7D750077D7C7 /* Roboto-Regular.ttf */ = {isa = PBXFileReference; lastKnownFileType = file; path = "Roboto-Regular.ttf"; sourceTree = "<group>"; };
		8D88F058212C7F030077D7C7 /* MenuControls.swift */ = {isa = PBXFileReference; lastKnownFileType = sourcecode.swift; path = MenuControls.swift; sourceTree = "<group>"; };
		8D88F05A212C7F5E0077D7C7 /* MenuScene.swift */ = {isa = PBXFileReference; lastKnownFileType = sourcecode.swift; path = MenuScene.swift; sourceTree = "<group>"; };
		8D88F05D212C80000077D7C7 /* GameScene.swift */ = {isa = PBXFileReference; lastKnownFileType = sourcecode.swift; path = GameScene.swift; sourceTree = "<group>"; };
		8D88F05F212C804E0077D7C7 /* GameControls.swift */ = {isa = PBXFileReference; lastKnownFileType = sourcecode.swift; path = GameControls.swift; sourceTree = "<group>"; };
		8D88F061212C817B0077D7C7 /* BrickSprite.swift */ = {isa = PBXFileReference; lastKnownFileType = sourcecode.swift; path = BrickSprite.swift; sourceTree = "<group>"; };
		8D88F064212C834D0077D7C7 /* Playing.swift */ = {isa = PBXFileReference; lastKnownFileType = sourcecode.swift; path = Playing.swift; sourceTree = "<group>"; };
		8D88F066212C836C0077D7C7 /* WaitingForTap.swift */ = {isa = PBXFileReference; lastKnownFileType = sourcecode.swift; path = WaitingForTap.swift; sourceTree = "<group>"; };
		8D88F068212C83840077D7C7 /* GameOver.swift */ = {isa = PBXFileReference; lastKnownFileType = sourcecode.swift; path = GameOver.swift; sourceTree = "<group>"; };
		8D88F06C212C9BE90077D7C7 /* StoreControls.swift */ = {isa = PBXFileReference; lastKnownFileType = sourcecode.swift; path = StoreControls.swift; sourceTree = "<group>"; };
		8D88F06E212C9C010077D7C7 /* StoreScene.swift */ = {isa = PBXFileReference; lastKnownFileType = sourcecode.swift; path = StoreScene.swift; sourceTree = "<group>"; };
		8D88F072212C9C490077D7C7 /* ScoreControls.swift */ = {isa = PBXFileReference; lastKnownFileType = sourcecode.swift; path = ScoreControls.swift; sourceTree = "<group>"; };
		8D88F074212C9C660077D7C7 /* ScoreScene.swift */ = {isa = PBXFileReference; lastKnownFileType = sourcecode.swift; path = ScoreScene.swift; sourceTree = "<group>"; };
		8DB1624B2142F8C50064DFCD /* Base */ = {isa = PBXFileReference; lastKnownFileType = file.storyboard; name = Base; path = Base.lproj/LaunchScreeniPad.storyboard; sourceTree = "<group>"; };
		C99881D996F7E891D18C7949 /* Pods-Breaking Bricks.debug.xcconfig */ = {isa = PBXFileReference; includeInIndex = 1; lastKnownFileType = text.xcconfig; name = "Pods-Breaking Bricks.debug.xcconfig"; path = "Pods/Target Support Files/Pods-Breaking Bricks/Pods-Breaking Bricks.debug.xcconfig"; sourceTree = "<group>"; };
		DE0BAEEE2139C45300FD2398 /* ZCarousel.swift */ = {isa = PBXFileReference; fileEncoding = 4; lastKnownFileType = sourcecode.swift; path = ZCarousel.swift; sourceTree = "<group>"; };
		F439DEA621495E8E00A5F840 /* Intro Bricks_iPad.json */ = {isa = PBXFileReference; fileEncoding = 4; lastKnownFileType = text.json; path = "Intro Bricks_iPad.json"; sourceTree = "<group>"; };
		F439DEAB21495EBF00A5F840 /* Intro_09-01.png */ = {isa = PBXFileReference; lastKnownFileType = image.png; path = "Intro_09-01.png"; sourceTree = "<group>"; };
		F439DEAC21495EBF00A5F840 /* Intro_14-01.png */ = {isa = PBXFileReference; lastKnownFileType = image.png; path = "Intro_14-01.png"; sourceTree = "<group>"; };
		F439DEAD21495EBF00A5F840 /* Intro_02-01.png */ = {isa = PBXFileReference; lastKnownFileType = image.png; path = "Intro_02-01.png"; sourceTree = "<group>"; };
		F439DEAE21495EBF00A5F840 /* Intro_13-01.png */ = {isa = PBXFileReference; lastKnownFileType = image.png; path = "Intro_13-01.png"; sourceTree = "<group>"; };
		F439DEAF21495EBF00A5F840 /* Intro_04-01.png */ = {isa = PBXFileReference; lastKnownFileType = image.png; path = "Intro_04-01.png"; sourceTree = "<group>"; };
		F439DEB021495EBF00A5F840 /* Intro_06-01.png */ = {isa = PBXFileReference; lastKnownFileType = image.png; path = "Intro_06-01.png"; sourceTree = "<group>"; };
		F439DEB121495EC000A5F840 /* Intro_03-01.png */ = {isa = PBXFileReference; lastKnownFileType = image.png; path = "Intro_03-01.png"; sourceTree = "<group>"; };
		F439DEB221495EC000A5F840 /* Intro_07-01.png */ = {isa = PBXFileReference; lastKnownFileType = image.png; path = "Intro_07-01.png"; sourceTree = "<group>"; };
		F439DEB321495EC000A5F840 /* Intro_12-01.png */ = {isa = PBXFileReference; lastKnownFileType = image.png; path = "Intro_12-01.png"; sourceTree = "<group>"; };
		F439DEB421495EC000A5F840 /* Intro_15-01.png */ = {isa = PBXFileReference; lastKnownFileType = image.png; path = "Intro_15-01.png"; sourceTree = "<group>"; };
		F439DEB521495EC000A5F840 /* Intro_05-01.png */ = {isa = PBXFileReference; lastKnownFileType = image.png; path = "Intro_05-01.png"; sourceTree = "<group>"; };
		F439DEB621495EC000A5F840 /* Intro_01-01.png */ = {isa = PBXFileReference; lastKnownFileType = image.png; path = "Intro_01-01.png"; sourceTree = "<group>"; };
		F439DEB721495EC000A5F840 /* Intro_08-01.png */ = {isa = PBXFileReference; lastKnownFileType = image.png; path = "Intro_08-01.png"; sourceTree = "<group>"; };
		F439DEB821495EC000A5F840 /* Intro_11-01.png */ = {isa = PBXFileReference; lastKnownFileType = image.png; path = "Intro_11-01.png"; sourceTree = "<group>"; };
		F439DEB921495EC000A5F840 /* Intro_10-01.png */ = {isa = PBXFileReference; lastKnownFileType = image.png; path = "Intro_10-01.png"; sourceTree = "<group>"; };
/* End PBXFileReference section */

/* Begin PBXFrameworksBuildPhase section */
		8D88F02E212C7C9A0077D7C7 /* Frameworks */ = {
			isa = PBXFrameworksBuildPhase;
			buildActionMask = 2147483647;
			files = (
				52DE7B86D077237096C32439 /* Pods_Breaking_Bricks.framework in Frameworks */,
			);
			runOnlyForDeploymentPostprocessing = 0;
		};
/* End PBXFrameworksBuildPhase section */

/* Begin PBXGroup section */
		260560C09775FD1302E3603C /* Pods */ = {
			isa = PBXGroup;
			children = (
				C99881D996F7E891D18C7949 /* Pods-Breaking Bricks.debug.xcconfig */,
				6C31F364C08AC562A3CE053C /* Pods-Breaking Bricks.release.xcconfig */,
			);
			name = Pods;
			sourceTree = "<group>";
		};
		544C7784C4CB499EDAB17FDC /* Frameworks */ = {
			isa = PBXGroup;
			children = (
				7C4552C81ECC8469151EE4D3 /* Pods_Breaking_Bricks.framework */,
			);
			name = Frameworks;
			sourceTree = "<group>";
		};
		8D88F028212C7C9A0077D7C7 = {
			isa = PBXGroup;
			children = (
				8D88F033212C7C9A0077D7C7 /* Breaking Bricks */,
				8D88F032212C7C9A0077D7C7 /* Products */,
				260560C09775FD1302E3603C /* Pods */,
				544C7784C4CB499EDAB17FDC /* Frameworks */,
			);
			sourceTree = "<group>";
		};
		8D88F032212C7C9A0077D7C7 /* Products */ = {
			isa = PBXGroup;
			children = (
				8D88F031212C7C9A0077D7C7 /* Breaking Bricks.app */,
			);
			name = Products;
			sourceTree = "<group>";
		};
		8D88F033212C7C9A0077D7C7 /* Breaking Bricks */ = {
			isa = PBXGroup;
			children = (
				5F241341214C3774009917B7 /* GoogleService-Info.plist */,
				8D88F034212C7C9A0077D7C7 /* AppDelegate.swift */,
				8D88F03C212C7C9A0077D7C7 /* GameViewController.swift */,
				8DB162282142F7D60064DFCD /* Intro */,
				8D88F055212C7ED90077D7C7 /* Menu */,
				8D88F06B212C9BD30077D7C7 /* Score */,
				8D88F06A212C9BCB0077D7C7 /* Store */,
				8D88F05C212C7FCE0077D7C7 /* Game */,
				8D88F03E212C7C9A0077D7C7 /* Main.storyboard */,
				8D88F041212C7C9E0077D7C7 /* Assets.xcassets */,
				8D88F04C212C7D750077D7C7 /* Roboto-Regular.ttf */,
				8D88F043212C7C9E0077D7C7 /* LaunchScreen.storyboard */,
				8DB1624A2142F8C50064DFCD /* LaunchScreeniPad.storyboard */,
				8D88F046212C7C9E0077D7C7 /* Info.plist */,
				DE0BAEEE2139C45300FD2398 /* ZCarousel.swift */,
			);
			path = "Breaking Bricks";
			sourceTree = "<group>";
		};
		8D88F055212C7ED90077D7C7 /* Menu */ = {
			isa = PBXGroup;
			children = (
				8D88F058212C7F030077D7C7 /* MenuControls.swift */,
				8D88F05A212C7F5E0077D7C7 /* MenuScene.swift */,
			);
			path = Menu;
			sourceTree = "<group>";
		};
		8D88F05C212C7FCE0077D7C7 /* Game */ = {
			isa = PBXGroup;
			children = (
				8D88F063212C83390077D7C7 /* GameStates */,
				8D88F05D212C80000077D7C7 /* GameScene.swift */,
				8D88F05F212C804E0077D7C7 /* GameControls.swift */,
				8D88F061212C817B0077D7C7 /* BrickSprite.swift */,
				8D1738F7212DAC2D004A97FC /* BrickSpriteRow6.swift */,
			);
			path = Game;
			sourceTree = "<group>";
		};
		8D88F063212C83390077D7C7 /* GameStates */ = {
			isa = PBXGroup;
			children = (
				8D88F064212C834D0077D7C7 /* Playing.swift */,
				8D88F066212C836C0077D7C7 /* WaitingForTap.swift */,
				8D88F068212C83840077D7C7 /* GameOver.swift */,
			);
			path = GameStates;
			sourceTree = "<group>";
		};
		8D88F06A212C9BCB0077D7C7 /* Store */ = {
			isa = PBXGroup;
			children = (
				8D88F06C212C9BE90077D7C7 /* StoreControls.swift */,
				8D88F06E212C9C010077D7C7 /* StoreScene.swift */,
			);
			path = Store;
			sourceTree = "<group>";
		};
		8D88F06B212C9BD30077D7C7 /* Score */ = {
			isa = PBXGroup;
			children = (
				8D88F072212C9C490077D7C7 /* ScoreControls.swift */,
				8D88F074212C9C660077D7C7 /* ScoreScene.swift */,
			);
			path = Score;
			sourceTree = "<group>";
		};
		8DB162282142F7D60064DFCD /* Intro */ = {
			isa = PBXGroup;
			children = (
				F439DEAA21495EAC00A5F840 /* images */,
				F439DEA621495E8E00A5F840 /* Intro Bricks_iPad.json */,
			);
			path = Intro;
			sourceTree = "<group>";
		};
		F439DEAA21495EAC00A5F840 /* images */ = {
			isa = PBXGroup;
			children = (
				F439DEB621495EC000A5F840 /* Intro_01-01.png */,
				F439DEAD21495EBF00A5F840 /* Intro_02-01.png */,
				F439DEB121495EC000A5F840 /* Intro_03-01.png */,
				F439DEAF21495EBF00A5F840 /* Intro_04-01.png */,
				F439DEB521495EC000A5F840 /* Intro_05-01.png */,
				F439DEB021495EBF00A5F840 /* Intro_06-01.png */,
				F439DEB221495EC000A5F840 /* Intro_07-01.png */,
				F439DEB721495EC000A5F840 /* Intro_08-01.png */,
				F439DEAB21495EBF00A5F840 /* Intro_09-01.png */,
				F439DEB921495EC000A5F840 /* Intro_10-01.png */,
				F439DEB821495EC000A5F840 /* Intro_11-01.png */,
				F439DEB321495EC000A5F840 /* Intro_12-01.png */,
				F439DEAE21495EBF00A5F840 /* Intro_13-01.png */,
				F439DEAC21495EBF00A5F840 /* Intro_14-01.png */,
				F439DEB421495EC000A5F840 /* Intro_15-01.png */,
			);
			path = images;
			sourceTree = "<group>";
		};
/* End PBXGroup section */

/* Begin PBXNativeTarget section */
		8D88F030212C7C9A0077D7C7 /* Breaking Bricks */ = {
			isa = PBXNativeTarget;
			buildConfigurationList = 8D88F049212C7C9E0077D7C7 /* Build configuration list for PBXNativeTarget "Breaking Bricks" */;
			buildPhases = (
				CF9267DE1757E98B7AC87F51 /* [CP] Check Pods Manifest.lock */,
				8D88F02D212C7C9A0077D7C7 /* Sources */,
				8D88F02E212C7C9A0077D7C7 /* Frameworks */,
				8D88F02F212C7C9A0077D7C7 /* Resources */,
				2BC48793AD5996EC6541EC4C /* [CP] Embed Pods Frameworks */,
			);
			buildRules = (
			);
			dependencies = (
			);
			name = "Breaking Bricks";
			productName = "Breaking Bricks";
			productReference = 8D88F031212C7C9A0077D7C7 /* Breaking Bricks.app */;
			productType = "com.apple.product-type.application";
		};
/* End PBXNativeTarget section */

/* Begin PBXProject section */
		8D88F029212C7C9A0077D7C7 /* Project object */ = {
			isa = PBXProject;
			attributes = {
				LastSwiftUpdateCheck = 0940;
				LastUpgradeCheck = 0940;
				ORGANIZATIONNAME = "Luis Reyes";
				TargetAttributes = {
					8D88F030212C7C9A0077D7C7 = {
						CreatedOnToolsVersion = 9.4.1;
					};
				};
			};
			buildConfigurationList = 8D88F02C212C7C9A0077D7C7 /* Build configuration list for PBXProject "Breaking Bricks" */;
			compatibilityVersion = "Xcode 9.3";
			developmentRegion = en;
			hasScannedForEncodings = 0;
			knownRegions = (
				en,
				Base,
			);
			mainGroup = 8D88F028212C7C9A0077D7C7;
			productRefGroup = 8D88F032212C7C9A0077D7C7 /* Products */;
			projectDirPath = "";
			projectRoot = "";
			targets = (
				8D88F030212C7C9A0077D7C7 /* Breaking Bricks */,
			);
		};
/* End PBXProject section */

/* Begin PBXResourcesBuildPhase section */
		8D88F02F212C7C9A0077D7C7 /* Resources */ = {
			isa = PBXResourcesBuildPhase;
			buildActionMask = 2147483647;
			files = (
				F439DEC021495EC000A5F840 /* Intro_03-01.png in Resources */,
				F439DEC421495EC000A5F840 /* Intro_05-01.png in Resources */,
				F439DEC521495EC000A5F840 /* Intro_01-01.png in Resources */,
				F439DEC321495EC000A5F840 /* Intro_15-01.png in Resources */,
				F439DEBB21495EC000A5F840 /* Intro_14-01.png in Resources */,
				F439DEC221495EC000A5F840 /* Intro_12-01.png in Resources */,
				F439DEC821495EC000A5F840 /* Intro_10-01.png in Resources */,
				F439DEBF21495EC000A5F840 /* Intro_06-01.png in Resources */,
				8D88F040212C7C9A0077D7C7 /* Main.storyboard in Resources */,
				F439DEA721495E8E00A5F840 /* Intro Bricks_iPad.json in Resources */,
				F439DEC721495EC000A5F840 /* Intro_11-01.png in Resources */,
				F439DEC621495EC000A5F840 /* Intro_08-01.png in Resources */,
				8D88F042212C7C9E0077D7C7 /* Assets.xcassets in Resources */,
				F439DEBA21495EC000A5F840 /* Intro_09-01.png in Resources */,
				F439DEBE21495EC000A5F840 /* Intro_04-01.png in Resources */,
				F439DEBD21495EC000A5F840 /* Intro_13-01.png in Resources */,
				8DB1624C2142F8C50064DFCD /* LaunchScreeniPad.storyboard in Resources */,
				F439DEC121495EC000A5F840 /* Intro_07-01.png in Resources */,
				F439DEBC21495EC000A5F840 /* Intro_02-01.png in Resources */,
				5F241342214C3774009917B7 /* GoogleService-Info.plist in Resources */,
				8D88F04D212C7D750077D7C7 /* Roboto-Regular.ttf in Resources */,
				8D88F045212C7C9E0077D7C7 /* LaunchScreen.storyboard in Resources */,
			);
			runOnlyForDeploymentPostprocessing = 0;
		};
/* End PBXResourcesBuildPhase section */

/* Begin PBXShellScriptBuildPhase section */
		2BC48793AD5996EC6541EC4C /* [CP] Embed Pods Frameworks */ = {
			isa = PBXShellScriptBuildPhase;
			buildActionMask = 2147483647;
			files = (
			);
			inputPaths = (
				"${SRCROOT}/Pods/Target Support Files/Pods-Breaking Bricks/Pods-Breaking Bricks-frameworks.sh",
				"${BUILT_PRODUCTS_DIR}/Device.swift/Device_swift.framework",
				"${BUILT_PRODUCTS_DIR}/GTMSessionFetcher/GTMSessionFetcher.framework",
				"${BUILT_PRODUCTS_DIR}/GoogleToolboxForMac/GoogleToolboxForMac.framework",
				"${BUILT_PRODUCTS_DIR}/GoogleUtilities/GoogleUtilities.framework",
				"${BUILT_PRODUCTS_DIR}/Protobuf/Protobuf.framework",
				"${BUILT_PRODUCTS_DIR}/lottie-ios/Lottie.framework",
				"${BUILT_PRODUCTS_DIR}/nanopb/nanopb.framework",
			);
			name = "[CP] Embed Pods Frameworks";
			outputPaths = (
				"${TARGET_BUILD_DIR}/${FRAMEWORKS_FOLDER_PATH}/Device_swift.framework",
				"${TARGET_BUILD_DIR}/${FRAMEWORKS_FOLDER_PATH}/GTMSessionFetcher.framework",
				"${TARGET_BUILD_DIR}/${FRAMEWORKS_FOLDER_PATH}/GoogleToolboxForMac.framework",
				"${TARGET_BUILD_DIR}/${FRAMEWORKS_FOLDER_PATH}/GoogleUtilities.framework",
				"${TARGET_BUILD_DIR}/${FRAMEWORKS_FOLDER_PATH}/Protobuf.framework",
				"${TARGET_BUILD_DIR}/${FRAMEWORKS_FOLDER_PATH}/Lottie.framework",
				"${TARGET_BUILD_DIR}/${FRAMEWORKS_FOLDER_PATH}/nanopb.framework",
			);
			runOnlyForDeploymentPostprocessing = 0;
			shellPath = /bin/sh;
			shellScript = "\"${SRCROOT}/Pods/Target Support Files/Pods-Breaking Bricks/Pods-Breaking Bricks-frameworks.sh\"\n";
			showEnvVarsInLog = 0;
		};
		CF9267DE1757E98B7AC87F51 /* [CP] Check Pods Manifest.lock */ = {
			isa = PBXShellScriptBuildPhase;
			buildActionMask = 2147483647;
			files = (
			);
			inputPaths = (
				"${PODS_PODFILE_DIR_PATH}/Podfile.lock",
				"${PODS_ROOT}/Manifest.lock",
			);
			name = "[CP] Check Pods Manifest.lock";
			outputPaths = (
				"$(DERIVED_FILE_DIR)/Pods-Breaking Bricks-checkManifestLockResult.txt",
			);
			runOnlyForDeploymentPostprocessing = 0;
			shellPath = /bin/sh;
			shellScript = "diff \"${PODS_PODFILE_DIR_PATH}/Podfile.lock\" \"${PODS_ROOT}/Manifest.lock\" > /dev/null\nif [ $? != 0 ] ; then\n    # print error to STDERR\n    echo \"error: The sandbox is not in sync with the Podfile.lock. Run 'pod install' or update your CocoaPods installation.\" >&2\n    exit 1\nfi\n# This output is used by Xcode 'outputs' to avoid re-running this script phase.\necho \"SUCCESS\" > \"${SCRIPT_OUTPUT_FILE_0}\"\n";
			showEnvVarsInLog = 0;
		};
/* End PBXShellScriptBuildPhase section */

/* Begin PBXSourcesBuildPhase section */
		8D88F02D212C7C9A0077D7C7 /* Sources */ = {
			isa = PBXSourcesBuildPhase;
			buildActionMask = 2147483647;
			files = (
				8D88F065212C834D0077D7C7 /* Playing.swift in Sources */,
				8D88F060212C804E0077D7C7 /* GameControls.swift in Sources */,
				8D88F075212C9C660077D7C7 /* ScoreScene.swift in Sources */,
				DE0BAEEF2139C45300FD2398 /* ZCarousel.swift in Sources */,
				8D88F03D212C7C9A0077D7C7 /* GameViewController.swift in Sources */,
				8D88F067212C836C0077D7C7 /* WaitingForTap.swift in Sources */,
				8D88F06D212C9BE90077D7C7 /* StoreControls.swift in Sources */,
				8D88F05E212C80000077D7C7 /* GameScene.swift in Sources */,
				8D88F062212C817B0077D7C7 /* BrickSprite.swift in Sources */,
				8D88F06F212C9C010077D7C7 /* StoreScene.swift in Sources */,
				8D88F069212C83840077D7C7 /* GameOver.swift in Sources */,
				8D88F035212C7C9A0077D7C7 /* AppDelegate.swift in Sources */,
				8D88F05B212C7F5E0077D7C7 /* MenuScene.swift in Sources */,
				8D1738F8212DAC2D004A97FC /* BrickSpriteRow6.swift in Sources */,
				8D88F059212C7F030077D7C7 /* MenuControls.swift in Sources */,
				8D88F073212C9C490077D7C7 /* ScoreControls.swift in Sources */,
			);
			runOnlyForDeploymentPostprocessing = 0;
		};
/* End PBXSourcesBuildPhase section */

/* Begin PBXVariantGroup section */
		8D88F03E212C7C9A0077D7C7 /* Main.storyboard */ = {
			isa = PBXVariantGroup;
			children = (
				8D88F03F212C7C9A0077D7C7 /* Base */,
			);
			name = Main.storyboard;
			sourceTree = "<group>";
		};
		8D88F043212C7C9E0077D7C7 /* LaunchScreen.storyboard */ = {
			isa = PBXVariantGroup;
			children = (
				8D88F044212C7C9E0077D7C7 /* Base */,
			);
			name = LaunchScreen.storyboard;
			sourceTree = "<group>";
		};
		8DB1624A2142F8C50064DFCD /* LaunchScreeniPad.storyboard */ = {
			isa = PBXVariantGroup;
			children = (
				8DB1624B2142F8C50064DFCD /* Base */,
			);
			name = LaunchScreeniPad.storyboard;
			sourceTree = "<group>";
		};
/* End PBXVariantGroup section */

/* Begin XCBuildConfiguration section */
		8D88F047212C7C9E0077D7C7 /* Debug */ = {
			isa = XCBuildConfiguration;
			buildSettings = {
				ALWAYS_SEARCH_USER_PATHS = NO;
				CLANG_ANALYZER_NONNULL = YES;
				CLANG_ANALYZER_NUMBER_OBJECT_CONVERSION = YES_AGGRESSIVE;
				CLANG_CXX_LANGUAGE_STANDARD = "gnu++14";
				CLANG_CXX_LIBRARY = "libc++";
				CLANG_ENABLE_MODULES = YES;
				CLANG_ENABLE_OBJC_ARC = YES;
				CLANG_ENABLE_OBJC_WEAK = YES;
				CLANG_WARN_BLOCK_CAPTURE_AUTORELEASING = YES;
				CLANG_WARN_BOOL_CONVERSION = YES;
				CLANG_WARN_COMMA = YES;
				CLANG_WARN_CONSTANT_CONVERSION = YES;
				CLANG_WARN_DEPRECATED_OBJC_IMPLEMENTATIONS = YES;
				CLANG_WARN_DIRECT_OBJC_ISA_USAGE = YES_ERROR;
				CLANG_WARN_DOCUMENTATION_COMMENTS = YES;
				CLANG_WARN_EMPTY_BODY = YES;
				CLANG_WARN_ENUM_CONVERSION = YES;
				CLANG_WARN_INFINITE_RECURSION = YES;
				CLANG_WARN_INT_CONVERSION = YES;
				CLANG_WARN_NON_LITERAL_NULL_CONVERSION = YES;
				CLANG_WARN_OBJC_IMPLICIT_RETAIN_SELF = YES;
				CLANG_WARN_OBJC_LITERAL_CONVERSION = YES;
				CLANG_WARN_OBJC_ROOT_CLASS = YES_ERROR;
				CLANG_WARN_RANGE_LOOP_ANALYSIS = YES;
				CLANG_WARN_STRICT_PROTOTYPES = YES;
				CLANG_WARN_SUSPICIOUS_MOVE = YES;
				CLANG_WARN_UNGUARDED_AVAILABILITY = YES_AGGRESSIVE;
				CLANG_WARN_UNREACHABLE_CODE = YES;
				CLANG_WARN__DUPLICATE_METHOD_MATCH = YES;
				CODE_SIGN_IDENTITY = "iPhone Developer";
				COPY_PHASE_STRIP = NO;
				DEBUG_INFORMATION_FORMAT = dwarf;
				ENABLE_STRICT_OBJC_MSGSEND = YES;
				ENABLE_TESTABILITY = YES;
				GCC_C_LANGUAGE_STANDARD = gnu11;
				GCC_DYNAMIC_NO_PIC = NO;
				GCC_NO_COMMON_BLOCKS = YES;
				GCC_OPTIMIZATION_LEVEL = 0;
				GCC_PREPROCESSOR_DEFINITIONS = (
					"DEBUG=1",
					"$(inherited)",
				);
				GCC_WARN_64_TO_32_BIT_CONVERSION = YES;
				GCC_WARN_ABOUT_RETURN_TYPE = YES_ERROR;
				GCC_WARN_UNDECLARED_SELECTOR = YES;
				GCC_WARN_UNINITIALIZED_AUTOS = YES_AGGRESSIVE;
				GCC_WARN_UNUSED_FUNCTION = YES;
				GCC_WARN_UNUSED_VARIABLE = YES;
				IPHONEOS_DEPLOYMENT_TARGET = 11.4;
				MTL_ENABLE_DEBUG_INFO = YES;
				ONLY_ACTIVE_ARCH = YES;
				SDKROOT = iphoneos;
				SWIFT_ACTIVE_COMPILATION_CONDITIONS = DEBUG;
				SWIFT_OPTIMIZATION_LEVEL = "-Onone";
			};
			name = Debug;
		};
		8D88F048212C7C9E0077D7C7 /* Release */ = {
			isa = XCBuildConfiguration;
			buildSettings = {
				ALWAYS_SEARCH_USER_PATHS = NO;
				CLANG_ANALYZER_NONNULL = YES;
				CLANG_ANALYZER_NUMBER_OBJECT_CONVERSION = YES_AGGRESSIVE;
				CLANG_CXX_LANGUAGE_STANDARD = "gnu++14";
				CLANG_CXX_LIBRARY = "libc++";
				CLANG_ENABLE_MODULES = YES;
				CLANG_ENABLE_OBJC_ARC = YES;
				CLANG_ENABLE_OBJC_WEAK = YES;
				CLANG_WARN_BLOCK_CAPTURE_AUTORELEASING = YES;
				CLANG_WARN_BOOL_CONVERSION = YES;
				CLANG_WARN_COMMA = YES;
				CLANG_WARN_CONSTANT_CONVERSION = YES;
				CLANG_WARN_DEPRECATED_OBJC_IMPLEMENTATIONS = YES;
				CLANG_WARN_DIRECT_OBJC_ISA_USAGE = YES_ERROR;
				CLANG_WARN_DOCUMENTATION_COMMENTS = YES;
				CLANG_WARN_EMPTY_BODY = YES;
				CLANG_WARN_ENUM_CONVERSION = YES;
				CLANG_WARN_INFINITE_RECURSION = YES;
				CLANG_WARN_INT_CONVERSION = YES;
				CLANG_WARN_NON_LITERAL_NULL_CONVERSION = YES;
				CLANG_WARN_OBJC_IMPLICIT_RETAIN_SELF = YES;
				CLANG_WARN_OBJC_LITERAL_CONVERSION = YES;
				CLANG_WARN_OBJC_ROOT_CLASS = YES_ERROR;
				CLANG_WARN_RANGE_LOOP_ANALYSIS = YES;
				CLANG_WARN_STRICT_PROTOTYPES = YES;
				CLANG_WARN_SUSPICIOUS_MOVE = YES;
				CLANG_WARN_UNGUARDED_AVAILABILITY = YES_AGGRESSIVE;
				CLANG_WARN_UNREACHABLE_CODE = YES;
				CLANG_WARN__DUPLICATE_METHOD_MATCH = YES;
				CODE_SIGN_IDENTITY = "iPhone Developer";
				COPY_PHASE_STRIP = NO;
				DEBUG_INFORMATION_FORMAT = "dwarf-with-dsym";
				ENABLE_NS_ASSERTIONS = NO;
				ENABLE_STRICT_OBJC_MSGSEND = YES;
				GCC_C_LANGUAGE_STANDARD = gnu11;
				GCC_NO_COMMON_BLOCKS = YES;
				GCC_WARN_64_TO_32_BIT_CONVERSION = YES;
				GCC_WARN_ABOUT_RETURN_TYPE = YES_ERROR;
				GCC_WARN_UNDECLARED_SELECTOR = YES;
				GCC_WARN_UNINITIALIZED_AUTOS = YES_AGGRESSIVE;
				GCC_WARN_UNUSED_FUNCTION = YES;
				GCC_WARN_UNUSED_VARIABLE = YES;
				IPHONEOS_DEPLOYMENT_TARGET = 11.4;
				MTL_ENABLE_DEBUG_INFO = NO;
				SDKROOT = iphoneos;
				SWIFT_COMPILATION_MODE = wholemodule;
				SWIFT_OPTIMIZATION_LEVEL = "-O";
				VALIDATE_PRODUCT = YES;
			};
			name = Release;
		};
		8D88F04A212C7C9E0077D7C7 /* Debug */ = {
			isa = XCBuildConfiguration;
			baseConfigurationReference = C99881D996F7E891D18C7949 /* Pods-Breaking Bricks.debug.xcconfig */;
			buildSettings = {
				ASSETCATALOG_COMPILER_APPICON_NAME = AppIcon;
				CODE_SIGN_STYLE = Automatic;
				DEVELOPMENT_TEAM = 745E977PLG;
				INFOPLIST_FILE = "Breaking Bricks/Info.plist";
				LD_RUNPATH_SEARCH_PATHS = (
					"$(inherited)",
					"@executable_path/Frameworks",
				);
				PRODUCT_BUNDLE_IDENTIFIER = "com.guadianatechnologygames.breaking-bricks";
				PRODUCT_NAME = "$(TARGET_NAME)";
				SWIFT_VERSION = 4.0;
				TARGETED_DEVICE_FAMILY = "1,2";
			};
			name = Debug;
		};
		8D88F04B212C7C9E0077D7C7 /* Release */ = {
			isa = XCBuildConfiguration;
			baseConfigurationReference = 6C31F364C08AC562A3CE053C /* Pods-Breaking Bricks.release.xcconfig */;
			buildSettings = {
				ASSETCATALOG_COMPILER_APPICON_NAME = AppIcon;
				CODE_SIGN_STYLE = Automatic;
				DEVELOPMENT_TEAM = 745E977PLG;
				INFOPLIST_FILE = "Breaking Bricks/Info.plist";
				LD_RUNPATH_SEARCH_PATHS = (
					"$(inherited)",
					"@executable_path/Frameworks",
				);
				PRODUCT_BUNDLE_IDENTIFIER = "com.guadianatechnologygames.breaking-bricks";
				PRODUCT_NAME = "$(TARGET_NAME)";
				SWIFT_VERSION = 4.0;
				TARGETED_DEVICE_FAMILY = "1,2";
			};
			name = Release;
		};
/* End XCBuildConfiguration section */

/* Begin XCConfigurationList section */
		8D88F02C212C7C9A0077D7C7 /* Build configuration list for PBXProject "Breaking Bricks" */ = {
			isa = XCConfigurationList;
			buildConfigurations = (
				8D88F047212C7C9E0077D7C7 /* Debug */,
				8D88F048212C7C9E0077D7C7 /* Release */,
			);
			defaultConfigurationIsVisible = 0;
			defaultConfigurationName = Release;
		};
		8D88F049212C7C9E0077D7C7 /* Build configuration list for PBXNativeTarget "Breaking Bricks" */ = {
			isa = XCConfigurationList;
			buildConfigurations = (
				8D88F04A212C7C9E0077D7C7 /* Debug */,
				8D88F04B212C7C9E0077D7C7 /* Release */,
			);
			defaultConfigurationIsVisible = 0;
			defaultConfigurationName = Release;
		};
/* End XCConfigurationList section */
	};
	rootObject = 8D88F029212C7C9A0077D7C7 /* Project object */;
}
